
Microsoft Visual Studio Solution File, Format Version 12.00
# Visual Studio Version 16
VisualStudioVersion = 16.0.28917.181
MinimumVisualStudioVersion = 10.0.40219.1
Project("{FAE04EC0-301F-11D3-BF4B-00C04F79EFBC}") = "AutotestsLearning", "AutotestsLearning\AutotestsLearning.csproj", "{D19677B2-E5CC-40D2-9242-191E7C85E9FD}"
EndProject
Global
	GlobalSection(SolutionConfigurationPlatforms) = preSolution
		Debug|Any CPU = Debug|Any CPU
		Release|Any CPU = Release|Any CPU
	EndGlobalSection
	GlobalSection(ProjectConfigurationPlatforms) = postSolution
		{D19677B2-E5CC-40D2-9242-191E7C85E9FD}.Debug|Any CPU.ActiveCfg = Debug|Any CPU
		{D19677B2-E5CC-40D2-9242-191E7C85E9FD}.Debug|Any CPU.Build.0 = Debug|Any CPU
		{D19677B2-E5CC-40D2-9242-191E7C85E9FD}.Release|Any CPU.ActiveCfg = Release|Any CPU
		{D19677B2-E5CC-40D2-9242-191E7C85E9FD}.Release|Any CPU.Build.0 = Release|Any CPU
	EndGlobalSection
	GlobalSection(SolutionProperties) = preSolution
		HideSolutionNode = FALSE
	EndGlobalSection
	GlobalSection(ExtensibilityGlobals) = postSolution
		SolutionGuid = {64374A1D-C9CE-4BFC-B97C-31FF10E9C714}
	EndGlobalSection
EndGlobal
